
Microsoft Visual Studio Solution File, Format Version 12.00
# Visual Studio Version 17
VisualStudioVersion = 17.3.32901.215
MinimumVisualStudioVersion = 10.0.40219.1
Project("{FAE04EC0-301F-11D3-BF4B-00C04F79EFBC}") = "XTR_TwofishAlgs", "XTR_TwofishAlgs\XTR_TwofishAlgs.csproj", "{5217D631-3FCC-4904-B6A9-DB28ED00410E}"
EndProject
Global
	GlobalSection(SolutionConfigurationPlatforms) = preSolution
		Debug|Any CPU = Debug|Any CPU
		Release|Any CPU = Release|Any CPU
	EndGlobalSection
	GlobalSection(ProjectConfigurationPlatforms) = postSolution
		{5217D631-3FCC-4904-B6A9-DB28ED00410E}.Debug|Any CPU.ActiveCfg = Debug|Any CPU
		{5217D631-3FCC-4904-B6A9-DB28ED00410E}.Debug|Any CPU.Build.0 = Debug|Any CPU
		{5217D631-3FCC-4904-B6A9-DB28ED00410E}.Release|Any CPU.ActiveCfg = Release|Any CPU
		{5217D631-3FCC-4904-B6A9-DB28ED00410E}.Release|Any CPU.Build.0 = Release|Any CPU
	EndGlobalSection
	GlobalSection(SolutionProperties) = preSolution
		HideSolutionNode = FALSE
	EndGlobalSection
	GlobalSection(ExtensibilityGlobals) = postSolution
		SolutionGuid = {48E23863-DF9C-4882-A4B9-C96CCBC8C7EA}
	EndGlobalSection
EndGlobal
